
Microsoft Visual Studio Solution File, Format Version 12.00
# Visual Studio Version 16
VisualStudioVersion = 16.0.808.10
MinimumVisualStudioVersion = 10.0.40219.1
Project("{FAE04EC0-301F-11D3-BF4B-00C04F79EFBC}") = "Calculadora_Porcentagem_2.0", "Calculadora_Porcentagem_2.0\Calculadora_Porcentagem_2.0.csproj", "{8F55E3C7-D26D-4DC4-91C7-9175659B9197}"
EndProject
Global
	GlobalSection(SolutionConfigurationPlatforms) = preSolution
		Debug|anycpu = Debug|anycpu
		Release|anycpu = Release|anycpu
	EndGlobalSection
	GlobalSection(ProjectConfigurationPlatforms) = postSolution
		{8F55E3C7-D26D-4DC4-91C7-9175659B9197}.Debug|anycpu.ActiveCfg = Debug|anycpu
		{8F55E3C7-D26D-4DC4-91C7-9175659B9197}.Debug|anycpu.Build.0 = Debug|anycpu
		{8F55E3C7-D26D-4DC4-91C7-9175659B9197}.Release|anycpu.ActiveCfg = Release|anycpu
		{8F55E3C7-D26D-4DC4-91C7-9175659B9197}.Release|anycpu.Build.0 = Release|anycpu
	EndGlobalSection
	GlobalSection(SolutionProperties) = preSolution
		HideSolutionNode = FALSE
	EndGlobalSection
	GlobalSection(ExtensibilityGlobals) = postSolution
		SolutionGuid = {AF11D0A2-049F-4DA4-98ED-D7A5D0E6541F}
	EndGlobalSection
EndGlobal
