
Microsoft Visual Studio Solution File, Format Version 12.00
# Visual Studio Version 16
VisualStudioVersion = 16.0.808.10
MinimumVisualStudioVersion = 10.0.40219.1
Project("{FAE04EC0-301F-11D3-BF4B-00C04F79EFBC}") = "calculadora_de_imc", "calculadora_de_imc\calculadora_de_imc.csproj", "{8D3C35DB-E194-4A6F-B6BF-47ECE288AA59}"
EndProject
Global
	GlobalSection(SolutionConfigurationPlatforms) = preSolution
		Debug|anycpu = Debug|anycpu
		Release|anycpu = Release|anycpu
	EndGlobalSection
	GlobalSection(ProjectConfigurationPlatforms) = postSolution
		{8D3C35DB-E194-4A6F-B6BF-47ECE288AA59}.Debug|anycpu.ActiveCfg = Debug|anycpu
		{8D3C35DB-E194-4A6F-B6BF-47ECE288AA59}.Debug|anycpu.Build.0 = Debug|anycpu
		{8D3C35DB-E194-4A6F-B6BF-47ECE288AA59}.Release|anycpu.ActiveCfg = Release|anycpu
		{8D3C35DB-E194-4A6F-B6BF-47ECE288AA59}.Release|anycpu.Build.0 = Release|anycpu
	EndGlobalSection
	GlobalSection(SolutionProperties) = preSolution
		HideSolutionNode = FALSE
	EndGlobalSection
	GlobalSection(ExtensibilityGlobals) = postSolution
		SolutionGuid = {87EE8D34-A66C-4152-9956-B9DCFEE2F684}
	EndGlobalSection
EndGlobal
